
Microsoft Visual Studio Solution File, Format Version 12.00
# Visual Studio Version 17
VisualStudioVersion = 17.5.002.0
MinimumVisualStudioVersion = 10.0.40219.1
Project("{9A19103F-16F7-4668-BE54-9A1E7A4F7556}") = "badjobs", "badjobs.csproj", "{A6405458-0ADA-47D1-AC50-644066669F34}"
EndProject
Global
	GlobalSection(SolutionConfigurationPlatforms) = preSolution
		Debug|Any CPU = Debug|Any CPU
		Release|Any CPU = Release|Any CPU
	EndGlobalSection
	GlobalSection(ProjectConfigurationPlatforms) = postSolution
		{A6405458-0ADA-47D1-AC50-644066669F34}.Debug|Any CPU.ActiveCfg = Debug|Any CPU
		{A6405458-0ADA-47D1-AC50-644066669F34}.Debug|Any CPU.Build.0 = Debug|Any CPU
		{A6405458-0ADA-47D1-AC50-644066669F34}.Release|Any CPU.ActiveCfg = Release|Any CPU
		{A6405458-0ADA-47D1-AC50-644066669F34}.Release|Any CPU.Build.0 = Release|Any CPU
	EndGlobalSection
	GlobalSection(SolutionProperties) = preSolution
		HideSolutionNode = FALSE
	EndGlobalSection
	GlobalSection(ExtensibilityGlobals) = postSolution
		SolutionGuid = {21A164E5-872B-4B34-B63C-ED01D45B9BB7}
	EndGlobalSection
EndGlobal
